
Microsoft Visual Studio Solution File, Format Version 12.00
# Visual Studio Version 17
VisualStudioVersion = 17.14.36518.9 d17.14
MinimumVisualStudioVersion = 10.0.40219.1
Project("{FAE04EC0-301F-11D3-BF4B-00C04F79EFBC}") = "IMS.Web", "IMS.Web\IMS.Web.csproj", "{B3138E82-4F45-45B3-8EE4-081C8DC3B690}"
	ProjectSection(ProjectDependencies) = postProject
		{35BBCA2A-E1BF-44B1-B8BE-6E390F4E214B} = {35BBCA2A-E1BF-44B1-B8BE-6E390F4E214B}
		{E9ADCCE9-EDF3-44FE-9C0B-8F350AB6EE25} = {E9ADCCE9-EDF3-44FE-9C0B-8F350AB6EE25}
	EndProjectSection
EndProject
Project("{FAE04EC0-301F-11D3-BF4B-00C04F79EFBC}") = "IMS.Application", "IMS.Application\IMS.Application.csproj", "{35BBCA2A-E1BF-44B1-B8BE-6E390F4E214B}"
	ProjectSection(ProjectDependencies) = postProject
		{80B6C0E3-1C74-43D8-B6FB-3B125EA60712} = {80B6C0E3-1C74-43D8-B6FB-3B125EA60712}
		{E9ADCCE9-EDF3-44FE-9C0B-8F350AB6EE25} = {E9ADCCE9-EDF3-44FE-9C0B-8F350AB6EE25}
	EndProjectSection
EndProject
Project("{FAE04EC0-301F-11D3-BF4B-00C04F79EFBC}") = "IMS.Domain", "IMS.Domain\IMS.Domain.csproj", "{80B6C0E3-1C74-43D8-B6FB-3B125EA60712}"
EndProject
Project("{FAE04EC0-301F-11D3-BF4B-00C04F79EFBC}") = "IMS.Infrastructure", "IMS.Infrastructure\IMS.Infrastructure.csproj", "{E9ADCCE9-EDF3-44FE-9C0B-8F350AB6EE25}"
EndProject
Global
	GlobalSection(SolutionConfigurationPlatforms) = preSolution
		Debug|Any CPU = Debug|Any CPU
		Release|Any CPU = Release|Any CPU
	EndGlobalSection
	GlobalSection(ProjectConfigurationPlatforms) = postSolution
		{B3138E82-4F45-45B3-8EE4-081C8DC3B690}.Debug|Any CPU.ActiveCfg = Debug|Any CPU
		{B3138E82-4F45-45B3-8EE4-081C8DC3B690}.Debug|Any CPU.Build.0 = Debug|Any CPU
		{B3138E82-4F45-45B3-8EE4-081C8DC3B690}.Release|Any CPU.ActiveCfg = Release|Any CPU
		{B3138E82-4F45-45B3-8EE4-081C8DC3B690}.Release|Any CPU.Build.0 = Release|Any CPU
		{35BBCA2A-E1BF-44B1-B8BE-6E390F4E214B}.Debug|Any CPU.ActiveCfg = Debug|Any CPU
		{35BBCA2A-E1BF-44B1-B8BE-6E390F4E214B}.Debug|Any CPU.Build.0 = Debug|Any CPU
		{35BBCA2A-E1BF-44B1-B8BE-6E390F4E214B}.Release|Any CPU.ActiveCfg = Release|Any CPU
		{35BBCA2A-E1BF-44B1-B8BE-6E390F4E214B}.Release|Any CPU.Build.0 = Release|Any CPU
		{80B6C0E3-1C74-43D8-B6FB-3B125EA60712}.Debug|Any CPU.ActiveCfg = Debug|Any CPU
		{80B6C0E3-1C74-43D8-B6FB-3B125EA60712}.Debug|Any CPU.Build.0 = Debug|Any CPU
		{80B6C0E3-1C74-43D8-B6FB-3B125EA60712}.Release|Any CPU.ActiveCfg = Release|Any CPU
		{80B6C0E3-1C74-43D8-B6FB-3B125EA60712}.Release|Any CPU.Build.0 = Release|Any CPU
		{E9ADCCE9-EDF3-44FE-9C0B-8F350AB6EE25}.Debug|Any CPU.ActiveCfg = Debug|Any CPU
		{E9ADCCE9-EDF3-44FE-9C0B-8F350AB6EE25}.Debug|Any CPU.Build.0 = Debug|Any CPU
		{E9ADCCE9-EDF3-44FE-9C0B-8F350AB6EE25}.Release|Any CPU.ActiveCfg = Release|Any CPU
		{E9ADCCE9-EDF3-44FE-9C0B-8F350AB6EE25}.Release|Any CPU.Build.0 = Release|Any CPU
	EndGlobalSection
	GlobalSection(SolutionProperties) = preSolution
		HideSolutionNode = FALSE
	EndGlobalSection
	GlobalSection(ExtensibilityGlobals) = postSolution
		SolutionGuid = {8CFE32AA-55C6-4B92-BC93-2E583BBD9F70}
	EndGlobalSection
EndGlobal
